
Microsoft Visual Studio Solution File, Format Version 12.00
# Visual Studio Version 16
VisualStudioVersion = 16.0.29123.88
MinimumVisualStudioVersion = 10.0.40219.1
Project("{FAE04EC0-301F-11D3-BF4B-00C04F79EFBC}") = "ICG-Inter", "ICG-Inter.csproj", "{B8E6BB0A-2F67-4BE3-8B7B-8FABA9C508CC}"
EndProject
Project("{54435603-DBB4-11D2-8724-00A0C9A8B90C}") = "SetupNCRJoin", "SetupNCRJoin\SetupNCRJoin.vdproj", "{ED469B8B-2E66-45A9-9DFC-BAF0CE6CBC03}"
EndProject
Global
	GlobalSection(SolutionConfigurationPlatforms) = preSolution
		Debug|Any CPU = Debug|Any CPU
		Release|Any CPU = Release|Any CPU
	EndGlobalSection
	GlobalSection(ProjectConfigurationPlatforms) = postSolution
		{B8E6BB0A-2F67-4BE3-8B7B-8FABA9C508CC}.Debug|Any CPU.ActiveCfg = Debug|Any CPU
		{B8E6BB0A-2F67-4BE3-8B7B-8FABA9C508CC}.Debug|Any CPU.Build.0 = Debug|Any CPU
		{B8E6BB0A-2F67-4BE3-8B7B-8FABA9C508CC}.Release|Any CPU.ActiveCfg = Release|Any CPU
		{B8E6BB0A-2F67-4BE3-8B7B-8FABA9C508CC}.Release|Any CPU.Build.0 = Release|Any CPU
		{ED469B8B-2E66-45A9-9DFC-BAF0CE6CBC03}.Debug|Any CPU.ActiveCfg = Debug
		{ED469B8B-2E66-45A9-9DFC-BAF0CE6CBC03}.Debug|Any CPU.Build.0 = Debug
		{ED469B8B-2E66-45A9-9DFC-BAF0CE6CBC03}.Release|Any CPU.ActiveCfg = Release
		{ED469B8B-2E66-45A9-9DFC-BAF0CE6CBC03}.Release|Any CPU.Build.0 = Release
	EndGlobalSection
	GlobalSection(SolutionProperties) = preSolution
		HideSolutionNode = FALSE
	EndGlobalSection
	GlobalSection(ExtensibilityGlobals) = postSolution
		SolutionGuid = {2C718283-2CB5-4BBF-ACBC-3E8ABD8CD457}
	EndGlobalSection
EndGlobal
